
Microsoft Visual Studio Solution File, Format Version 12.00
# Visual Studio Version 17
VisualStudioVersion = 17.4.33213.308
MinimumVisualStudioVersion = 10.0.40219.1
Project("{9A19103F-16F7-4668-BE54-9A1E7A4F7556}") = "PassengerList", "LogicQuestianAnswers\PassengerList.csproj", "{C904C069-862D-42AF-BEED-E967AD40AA65}"
EndProject
Project("{FAE04EC0-301F-11D3-BF4B-00C04F79EFBC}") = "BookingTime", "Question2\BookingTime.csproj", "{373B6FAF-0B95-4B1F-B006-505A58C131B3}"
EndProject
Project("{FAE04EC0-301F-11D3-BF4B-00C04F79EFBC}") = "FareDecimal", "Questian3\FareDecimal.csproj", "{EBA24DC9-C79A-4E98-AA02-5F01E79E7677}"
EndProject
Project("{FAE04EC0-301F-11D3-BF4B-00C04F79EFBC}") = "DobCalculations", "DobCalculations\DobCalculations.csproj", "{070B7A89-1B33-4263-B705-3CB0DECFABBF}"
EndProject
Project("{FAE04EC0-301F-11D3-BF4B-00C04F79EFBC}") = "odd_index", "odd_index\odd_index.csproj", "{1279E19F-B623-4C65-B9E9-6FCD0268380E}"
EndProject
Global
	GlobalSection(SolutionConfigurationPlatforms) = preSolution
		Debug|Any CPU = Debug|Any CPU
		Release|Any CPU = Release|Any CPU
	EndGlobalSection
	GlobalSection(ProjectConfigurationPlatforms) = postSolution
		{C904C069-862D-42AF-BEED-E967AD40AA65}.Debug|Any CPU.ActiveCfg = Debug|Any CPU
		{C904C069-862D-42AF-BEED-E967AD40AA65}.Debug|Any CPU.Build.0 = Debug|Any CPU
		{C904C069-862D-42AF-BEED-E967AD40AA65}.Release|Any CPU.ActiveCfg = Release|Any CPU
		{C904C069-862D-42AF-BEED-E967AD40AA65}.Release|Any CPU.Build.0 = Release|Any CPU
		{373B6FAF-0B95-4B1F-B006-505A58C131B3}.Debug|Any CPU.ActiveCfg = Debug|Any CPU
		{373B6FAF-0B95-4B1F-B006-505A58C131B3}.Debug|Any CPU.Build.0 = Debug|Any CPU
		{373B6FAF-0B95-4B1F-B006-505A58C131B3}.Release|Any CPU.ActiveCfg = Release|Any CPU
		{373B6FAF-0B95-4B1F-B006-505A58C131B3}.Release|Any CPU.Build.0 = Release|Any CPU
		{EBA24DC9-C79A-4E98-AA02-5F01E79E7677}.Debug|Any CPU.ActiveCfg = Debug|Any CPU
		{EBA24DC9-C79A-4E98-AA02-5F01E79E7677}.Debug|Any CPU.Build.0 = Debug|Any CPU
		{EBA24DC9-C79A-4E98-AA02-5F01E79E7677}.Release|Any CPU.ActiveCfg = Release|Any CPU
		{EBA24DC9-C79A-4E98-AA02-5F01E79E7677}.Release|Any CPU.Build.0 = Release|Any CPU
		{070B7A89-1B33-4263-B705-3CB0DECFABBF}.Debug|Any CPU.ActiveCfg = Debug|Any CPU
		{070B7A89-1B33-4263-B705-3CB0DECFABBF}.Debug|Any CPU.Build.0 = Debug|Any CPU
		{070B7A89-1B33-4263-B705-3CB0DECFABBF}.Release|Any CPU.ActiveCfg = Release|Any CPU
		{070B7A89-1B33-4263-B705-3CB0DECFABBF}.Release|Any CPU.Build.0 = Release|Any CPU
		{1279E19F-B623-4C65-B9E9-6FCD0268380E}.Debug|Any CPU.ActiveCfg = Debug|Any CPU
		{1279E19F-B623-4C65-B9E9-6FCD0268380E}.Debug|Any CPU.Build.0 = Debug|Any CPU
		{1279E19F-B623-4C65-B9E9-6FCD0268380E}.Release|Any CPU.ActiveCfg = Release|Any CPU
		{1279E19F-B623-4C65-B9E9-6FCD0268380E}.Release|Any CPU.Build.0 = Release|Any CPU
	EndGlobalSection
	GlobalSection(SolutionProperties) = preSolution
		HideSolutionNode = FALSE
	EndGlobalSection
	GlobalSection(ExtensibilityGlobals) = postSolution
		SolutionGuid = {F4DC33C3-5894-4B31-AE03-0D4A54C4B006}
	EndGlobalSection
EndGlobal
